
Microsoft Visual Studio Solution File, Format Version 12.00
# Visual Studio Version 16
VisualStudioVersion = 16.0.31702.278
MinimumVisualStudioVersion = 10.0.40219.1
Project("{FAE04EC0-301F-11D3-BF4B-00C04F79EFBC}") = "FG.FFTT.Api.Client", "FG.FFTT.Api.Client.csproj", "{EFBEBCF1-5F5D-4489-B544-C1FD0E450D9C}"
EndProject
Project("{FAE04EC0-301F-11D3-BF4B-00C04F79EFBC}") = "FG.FFTT.Api.Client.UnitTests", "..\FG.FFTT.Api.Client.UnitTests\FG.FFTT.Api.Client.UnitTests.csproj", "{12C61F53-A5DF-4266-8173-CD7B8837B1B6}"
EndProject
Global
	GlobalSection(SolutionConfigurationPlatforms) = preSolution
		Debug|Any CPU = Debug|Any CPU
		Release|Any CPU = Release|Any CPU
	EndGlobalSection
	GlobalSection(ProjectConfigurationPlatforms) = postSolution
		{EFBEBCF1-5F5D-4489-B544-C1FD0E450D9C}.Debug|Any CPU.ActiveCfg = Debug|Any CPU
		{EFBEBCF1-5F5D-4489-B544-C1FD0E450D9C}.Debug|Any CPU.Build.0 = Debug|Any CPU
		{EFBEBCF1-5F5D-4489-B544-C1FD0E450D9C}.Release|Any CPU.ActiveCfg = Release|Any CPU
		{EFBEBCF1-5F5D-4489-B544-C1FD0E450D9C}.Release|Any CPU.Build.0 = Release|Any CPU
		{12C61F53-A5DF-4266-8173-CD7B8837B1B6}.Debug|Any CPU.ActiveCfg = Debug|Any CPU
		{12C61F53-A5DF-4266-8173-CD7B8837B1B6}.Debug|Any CPU.Build.0 = Debug|Any CPU
		{12C61F53-A5DF-4266-8173-CD7B8837B1B6}.Release|Any CPU.ActiveCfg = Release|Any CPU
		{12C61F53-A5DF-4266-8173-CD7B8837B1B6}.Release|Any CPU.Build.0 = Release|Any CPU
	EndGlobalSection
	GlobalSection(SolutionProperties) = preSolution
		HideSolutionNode = FALSE
	EndGlobalSection
	GlobalSection(ExtensibilityGlobals) = postSolution
		SolutionGuid = {5F7FA8C7-1F2C-4DFB-B569-1857826A8816}
	EndGlobalSection
EndGlobal
